
Microsoft Visual Studio Solution File, Format Version 12.00
# Visual Studio 14
VisualStudioVersion = 14.0.23107.0
MinimumVisualStudioVersion = 10.0.40219.1
Project("{FAE04EC0-301F-11D3-BF4B-00C04F79EFBC}") = "AppUpdateServer", "AppUpdateServer\AppUpdateServer.csproj", "{4D7C3ACC-DE0A-4677-9BCB-8748B76B7518}"
EndProject
Project("{FAE04EC0-301F-11D3-BF4B-00C04F79EFBC}") = "AppUpdate", "AppUpdate\AppUpdate.csproj", "{43819A0A-D47A-4FCE-8196-B19A87950D48}"
EndProject
Project("{FAE04EC0-301F-11D3-BF4B-00C04F79EFBC}") = "AppUpdate.Core", "AppUpdate.Core\AppUpdate.Core.csproj", "{CF1F848A-3C79-4F5F-B72D-5FE364AB5136}"
EndProject
Project("{FAE04EC0-301F-11D3-BF4B-00C04F79EFBC}") = "AppUpdate.Core.Server", "AppUpdate.Core.Server\AppUpdate.Core.Server.csproj", "{67ABB7A9-A679-4894-BA6B-EC7840FB33DD}"
EndProject
Project("{2150E333-8FDC-42A3-9474-1A3956D46DE8}") = "Solution Items", "Solution Items", "{971F6A79-4561-4E99-92F9-C1F6B065869D}"
	ProjectSection(SolutionItems) = preProject
		AppUpdateServerDB.sqlite3 = AppUpdateServerDB.sqlite3
	EndProjectSection
EndProject
Project("{FAE04EC0-301F-11D3-BF4B-00C04F79EFBC}") = "AppUpdateServer.WorkspaceModule", "AppUpdateServer.WorkspaceModule\AppUpdateServer.WorkspaceModule.csproj", "{C0A37C6D-F3BD-483C-82A4-8C87DA979354}"
EndProject
Project("{FAE04EC0-301F-11D3-BF4B-00C04F79EFBC}") = "AppUpdateServer.ClientListModule", "AppUpdateServer.ClientListModule\AppUpdateServer.ClientListModule.csproj", "{E205C911-241D-4968-96FD-8BFE9337EBF6}"
EndProject
Project("{FAE04EC0-301F-11D3-BF4B-00C04F79EFBC}") = "AppUpdateServer.Shared", "AppUpdateServer.Shared\AppUpdateServer.Shared.csproj", "{5ED19959-C7F8-4FA6-9E1E-927DAD0269F3}"
EndProject
Global
	GlobalSection(SolutionConfigurationPlatforms) = preSolution
		Debug|Any CPU = Debug|Any CPU
		Release|Any CPU = Release|Any CPU
	EndGlobalSection
	GlobalSection(ProjectConfigurationPlatforms) = postSolution
		{4D7C3ACC-DE0A-4677-9BCB-8748B76B7518}.Debug|Any CPU.ActiveCfg = Debug|Any CPU
		{4D7C3ACC-DE0A-4677-9BCB-8748B76B7518}.Debug|Any CPU.Build.0 = Debug|Any CPU
		{4D7C3ACC-DE0A-4677-9BCB-8748B76B7518}.Release|Any CPU.ActiveCfg = Release|Any CPU
		{4D7C3ACC-DE0A-4677-9BCB-8748B76B7518}.Release|Any CPU.Build.0 = Release|Any CPU
		{43819A0A-D47A-4FCE-8196-B19A87950D48}.Debug|Any CPU.ActiveCfg = Debug|Any CPU
		{43819A0A-D47A-4FCE-8196-B19A87950D48}.Debug|Any CPU.Build.0 = Debug|Any CPU
		{43819A0A-D47A-4FCE-8196-B19A87950D48}.Release|Any CPU.ActiveCfg = Release|Any CPU
		{43819A0A-D47A-4FCE-8196-B19A87950D48}.Release|Any CPU.Build.0 = Release|Any CPU
		{CF1F848A-3C79-4F5F-B72D-5FE364AB5136}.Debug|Any CPU.ActiveCfg = Debug|Any CPU
		{CF1F848A-3C79-4F5F-B72D-5FE364AB5136}.Debug|Any CPU.Build.0 = Debug|Any CPU
		{CF1F848A-3C79-4F5F-B72D-5FE364AB5136}.Release|Any CPU.ActiveCfg = Release|Any CPU
		{CF1F848A-3C79-4F5F-B72D-5FE364AB5136}.Release|Any CPU.Build.0 = Release|Any CPU
		{67ABB7A9-A679-4894-BA6B-EC7840FB33DD}.Debug|Any CPU.ActiveCfg = Debug|Any CPU
		{67ABB7A9-A679-4894-BA6B-EC7840FB33DD}.Debug|Any CPU.Build.0 = Debug|Any CPU
		{67ABB7A9-A679-4894-BA6B-EC7840FB33DD}.Release|Any CPU.ActiveCfg = Release|Any CPU
		{67ABB7A9-A679-4894-BA6B-EC7840FB33DD}.Release|Any CPU.Build.0 = Release|Any CPU
		{C0A37C6D-F3BD-483C-82A4-8C87DA979354}.Debug|Any CPU.ActiveCfg = Debug|Any CPU
		{C0A37C6D-F3BD-483C-82A4-8C87DA979354}.Debug|Any CPU.Build.0 = Debug|Any CPU
		{C0A37C6D-F3BD-483C-82A4-8C87DA979354}.Release|Any CPU.ActiveCfg = Release|Any CPU
		{C0A37C6D-F3BD-483C-82A4-8C87DA979354}.Release|Any CPU.Build.0 = Release|Any CPU
		{E205C911-241D-4968-96FD-8BFE9337EBF6}.Debug|Any CPU.ActiveCfg = Debug|Any CPU
		{E205C911-241D-4968-96FD-8BFE9337EBF6}.Debug|Any CPU.Build.0 = Debug|Any CPU
		{E205C911-241D-4968-96FD-8BFE9337EBF6}.Release|Any CPU.ActiveCfg = Release|Any CPU
		{E205C911-241D-4968-96FD-8BFE9337EBF6}.Release|Any CPU.Build.0 = Release|Any CPU
		{5ED19959-C7F8-4FA6-9E1E-927DAD0269F3}.Debug|Any CPU.ActiveCfg = Debug|Any CPU
		{5ED19959-C7F8-4FA6-9E1E-927DAD0269F3}.Debug|Any CPU.Build.0 = Debug|Any CPU
		{5ED19959-C7F8-4FA6-9E1E-927DAD0269F3}.Release|Any CPU.ActiveCfg = Release|Any CPU
		{5ED19959-C7F8-4FA6-9E1E-927DAD0269F3}.Release|Any CPU.Build.0 = Release|Any CPU
	EndGlobalSection
	GlobalSection(SolutionProperties) = preSolution
		HideSolutionNode = FALSE
	EndGlobalSection
EndGlobal
